
Microsoft Visual Studio Solution File, Format Version 12.00
# Visual Studio 15
VisualStudioVersion = 15.0.27130.0
MinimumVisualStudioVersion = 10.0.40219.1
Project("{6EC3EE1D-3C4E-46DD-8F32-0CC8E7565705}") = "MiniKnight", "MiniKnight.fsproj", "{F0F2E127-6565-4816-A32E-717EBF960C34}"
EndProject
Global
	GlobalSection(SolutionConfigurationPlatforms) = preSolution
		Debug|Any CPU = Debug|Any CPU
		Release|Any CPU = Release|Any CPU
	EndGlobalSection
	GlobalSection(ProjectConfigurationPlatforms) = postSolution
		{F0F2E127-6565-4816-A32E-717EBF960C34}.Debug|Any CPU.ActiveCfg = Debug|Any CPU
		{F0F2E127-6565-4816-A32E-717EBF960C34}.Debug|Any CPU.Build.0 = Debug|Any CPU
		{F0F2E127-6565-4816-A32E-717EBF960C34}.Release|Any CPU.ActiveCfg = Release|Any CPU
		{F0F2E127-6565-4816-A32E-717EBF960C34}.Release|Any CPU.Build.0 = Release|Any CPU
	EndGlobalSection
	GlobalSection(SolutionProperties) = preSolution
		HideSolutionNode = FALSE
	EndGlobalSection
	GlobalSection(ExtensibilityGlobals) = postSolution
		SolutionGuid = {F5BC3ACC-FB96-4278-BDEA-A1342B78727D}
	EndGlobalSection
EndGlobal
